
Microsoft Visual Studio Solution File, Format Version 12.00
# Visual Studio Version 16
VisualStudioVersion = 16.0.29920.165
MinimumVisualStudioVersion = 10.0.40219.1
Project("{8BC9CEB8-8B4A-11D0-8D11-00A0C91BC942}") = "XXBuildTest", "GameServer\GameServer.vcxproj", "{26E40EF7-0843-4805-B812-57E843B77298}"
EndProject
Global
	GlobalSection(SolutionConfigurationPlatforms) = preSolution
		Debug|x64 = Debug|x64
		Debug|x86 = Debug|x86
		Release|x64 = Release|x64
		Release|x86 = Release|x86
	EndGlobalSection
	GlobalSection(ProjectConfigurationPlatforms) = postSolution
		{26E40EF7-0843-4805-B812-57E843B77298}.Debug|x64.ActiveCfg = Debug|x64
		{26E40EF7-0843-4805-B812-57E843B77298}.Debug|x64.Build.0 = Debug|x64
		{26E40EF7-0843-4805-B812-57E843B77298}.Debug|x86.ActiveCfg = Debug|x64
		{26E40EF7-0843-4805-B812-57E843B77298}.Release|x64.ActiveCfg = Debug|x64
		{26E40EF7-0843-4805-B812-57E843B77298}.Release|x64.Build.0 = Debug|x64
		{26E40EF7-0843-4805-B812-57E843B77298}.Release|x86.ActiveCfg = Debug|x64
		{26E40EF7-0843-4805-B812-57E843B77298}.Release|x86.Build.0 = Debug|x64
	EndGlobalSection
	GlobalSection(SolutionProperties) = preSolution
		HideSolutionNode = FALSE
	EndGlobalSection
	GlobalSection(ExtensibilityGlobals) = postSolution
		SolutionGuid = {0620963C-4A01-4758-8BF7-114659F104E9}
	EndGlobalSection
EndGlobal
